
Microsoft Visual Studio Solution File, Format Version 12.00
# Visual Studio Version 17
VisualStudioVersion = 17.2.32630.192
MinimumVisualStudioVersion = 10.0.40219.1
Project("{8BC9CEB8-8B4A-11D0-8D11-00A0C91BC942}") = "Convolution_2D", "Convolution_2D\Convolution_2D.vcxproj", "{6238317B-8AD5-490A-A693-9F0B8B32C5B7}"
EndProject
Global
	GlobalSection(SolutionConfigurationPlatforms) = preSolution
		Debug|x64 = Debug|x64
		Release|x64 = Release|x64
	EndGlobalSection
	GlobalSection(ProjectConfigurationPlatforms) = postSolution
		{6238317B-8AD5-490A-A693-9F0B8B32C5B7}.Debug|x64.ActiveCfg = Debug|x64
		{6238317B-8AD5-490A-A693-9F0B8B32C5B7}.Debug|x64.Build.0 = Debug|x64
		{6238317B-8AD5-490A-A693-9F0B8B32C5B7}.Release|x64.ActiveCfg = Release|x64
		{6238317B-8AD5-490A-A693-9F0B8B32C5B7}.Release|x64.Build.0 = Release|x64
	EndGlobalSection
	GlobalSection(SolutionProperties) = preSolution
		HideSolutionNode = FALSE
	EndGlobalSection
	GlobalSection(ExtensibilityGlobals) = postSolution
		SolutionGuid = {E7A03BA6-448E-411E-BFAE-09AA7AB0DAA5}
	EndGlobalSection
EndGlobal
